
Microsoft Visual Studio Solution File, Format Version 12.00
# Visual Studio 15
VisualStudioVersion = 15.0.26403.7
MinimumVisualStudioVersion = 10.0.40219.1
Project("{FAE04EC0-301F-11D3-BF4B-00C04F79EFBC}") = "qXll", "qXll\qXll.csproj", "{90551450-CD9A-44AB-BD19-297A03D3F0B4}"
EndProject
Project("{FAE04EC0-301F-11D3-BF4B-00C04F79EFBC}") = "qXll.Test", "qXll.Test\qXll.Test.csproj", "{348A80CE-2A39-4959-ADC3-DE18D950CC1C}"
EndProject
Project("{2150E333-8FDC-42A3-9474-1A3956D46DE8}") = "utils", "utils", "{17360BB1-6AB4-414A-BB5C-EFB91F3EBE7D}"
EndProject
Project("{2150E333-8FDC-42A3-9474-1A3956D46DE8}") = "addin", "addin", "{BAEE10B9-21A7-41EA-BFB1-AF7BF0FD2038}"
	ProjectSection(SolutionItems) = preProject
		utils\addin\qUnitTest.bas = utils\addin\qUnitTest.bas
		utils\addin\qUtils.bas = utils\addin\qUtils.bas
		utils\addin\qWrapper.bas = utils\addin\qWrapper.bas
		utils\addin\qWrapper.xlam = utils\addin\qWrapper.xlam
		utils\addin\readme.txt = utils\addin\readme.txt
		utils\addin\ThisWorkbook = utils\addin\ThisWorkbook
	EndProjectSection
EndProject
Global
	GlobalSection(SolutionConfigurationPlatforms) = preSolution
		Debug|Any CPU = Debug|Any CPU
		Release|Any CPU = Release|Any CPU
	EndGlobalSection
	GlobalSection(ProjectConfigurationPlatforms) = postSolution
		{90551450-CD9A-44AB-BD19-297A03D3F0B4}.Debug|Any CPU.ActiveCfg = Debug|Any CPU
		{90551450-CD9A-44AB-BD19-297A03D3F0B4}.Debug|Any CPU.Build.0 = Debug|Any CPU
		{90551450-CD9A-44AB-BD19-297A03D3F0B4}.Release|Any CPU.ActiveCfg = Release|Any CPU
		{90551450-CD9A-44AB-BD19-297A03D3F0B4}.Release|Any CPU.Build.0 = Release|Any CPU
		{348A80CE-2A39-4959-ADC3-DE18D950CC1C}.Debug|Any CPU.ActiveCfg = Debug|Any CPU
		{348A80CE-2A39-4959-ADC3-DE18D950CC1C}.Debug|Any CPU.Build.0 = Debug|Any CPU
		{348A80CE-2A39-4959-ADC3-DE18D950CC1C}.Release|Any CPU.ActiveCfg = Release|Any CPU
		{348A80CE-2A39-4959-ADC3-DE18D950CC1C}.Release|Any CPU.Build.0 = Release|Any CPU
	EndGlobalSection
	GlobalSection(SolutionProperties) = preSolution
		HideSolutionNode = FALSE
	EndGlobalSection
	GlobalSection(NestedProjects) = preSolution
		{BAEE10B9-21A7-41EA-BFB1-AF7BF0FD2038} = {17360BB1-6AB4-414A-BB5C-EFB91F3EBE7D}
	EndGlobalSection
EndGlobal
